// !$*UTF8*$!
{
	archiveVersion = 1;
	classes = {
	};
	objectVersion = 50;
	objects = {

/* Begin PBXBuildFile section */
		EA57212021F27E780074155C /* AppDelegate.swift in Sources */ = {isa = PBXBuildFile; fileRef = EA57211F21F27E780074155C /* AppDelegate.swift */; };
		EA57212221F27E780074155C /* CoffeeOrderSelectorViewController.swift in Sources */ = {isa = PBXBuildFile; fileRef = EA57212121F27E780074155C /* CoffeeOrderSelectorViewController.swift */; };
		EA57212521F27E780074155C /* Main.storyboard in Resources */ = {isa = PBXBuildFile; fileRef = EA57212321F27E780074155C /* Main.storyboard */; };
		EA57212721F27E790074155C /* Assets.xcassets in Resources */ = {isa = PBXBuildFile; fileRef = EA57212621F27E790074155C /* Assets.xcassets */; };
		EA57212A21F27E790074155C /* LaunchScreen.storyboard in Resources */ = {isa = PBXBuildFile; fileRef = EA57212821F27E790074155C /* LaunchScreen.storyboard */; };
		EA57213221F280620074155C /* CoffeeOrder.swift in Sources */ = {isa = PBXBuildFile; fileRef = EA57213121F280620074155C /* CoffeeOrder.swift */; };
		EA57213821F3EE630074155C /* HorizontalSceneTransitionInfoProvider.swift in Sources */ = {isa = PBXBuildFile; fileRef = EA57213721F3EE630074155C /* HorizontalSceneTransitionInfoProvider.swift */; };
/* End PBXBuildFile section */

/* Begin PBXFileReference section */
		EA57211C21F27E780074155C /* PillzCoffeeOrder.app */ = {isa = PBXFileReference; explicitFileType = wrapper.application; includeInIndex = 0; path = PillzCoffeeOrder.app; sourceTree = BUILT_PRODUCTS_DIR; };
		EA57211F21F27E780074155C /* AppDelegate.swift */ = {isa = PBXFileReference; lastKnownFileType = sourcecode.swift; path = AppDelegate.swift; sourceTree = "<group>"; };
		EA57212121F27E780074155C /* CoffeeOrderSelectorViewController.swift */ = {isa = PBXFileReference; lastKnownFileType = sourcecode.swift; path = CoffeeOrderSelectorViewController.swift; sourceTree = "<group>"; };
		EA57212421F27E780074155C /* Base */ = {isa = PBXFileReference; lastKnownFileType = file.storyboard; name = Base; path = Base.lproj/Main.storyboard; sourceTree = "<group>"; };
		EA57212621F27E790074155C /* Assets.xcassets */ = {isa = PBXFileReference; lastKnownFileType = folder.assetcatalog; path = Assets.xcassets; sourceTree = "<group>"; };
		EA57212921F27E790074155C /* Base */ = {isa = PBXFileReference; lastKnownFileType = file.storyboard; name = Base; path = Base.lproj/LaunchScreen.storyboard; sourceTree = "<group>"; };
		EA57212B21F27E790074155C /* Info.plist */ = {isa = PBXFileReference; lastKnownFileType = text.plist.xml; path = Info.plist; sourceTree = "<group>"; };
		EA57213121F280620074155C /* CoffeeOrder.swift */ = {isa = PBXFileReference; lastKnownFileType = sourcecode.swift; path = CoffeeOrder.swift; sourceTree = "<group>"; };
		EA57213721F3EE630074155C /* HorizontalSceneTransitionInfoProvider.swift */ = {isa = PBXFileReference; lastKnownFileType = sourcecode.swift; path = HorizontalSceneTransitionInfoProvider.swift; sourceTree = "<group>"; };
/* End PBXFileReference section */

/* Begin PBXFrameworksBuildPhase section */
		EA57211921F27E780074155C /* Frameworks */ = {
			isa = PBXFrameworksBuildPhase;
			buildActionMask = 2147483647;
			files = (
			);
			runOnlyForDeploymentPostprocessing = 0;
		};
/* End PBXFrameworksBuildPhase section */

/* Begin PBXGroup section */
		EA57211321F27E780074155C = {
			isa = PBXGroup;
			children = (
				EA57211E21F27E780074155C /* PillzCoffeeOrder */,
				EA57211D21F27E780074155C /* Products */,
			);
			sourceTree = "<group>";
		};
		EA57211D21F27E780074155C /* Products */ = {
			isa = PBXGroup;
			children = (
				EA57211C21F27E780074155C /* PillzCoffeeOrder.app */,
			);
			name = Products;
			sourceTree = "<group>";
		};
		EA57211E21F27E780074155C /* PillzCoffeeOrder */ = {
			isa = PBXGroup;
			children = (
				EA57211F21F27E780074155C /* AppDelegate.swift */,
				EA57212121F27E780074155C /* CoffeeOrderSelectorViewController.swift */,
				EA57213121F280620074155C /* CoffeeOrder.swift */,
				EA57213721F3EE630074155C /* HorizontalSceneTransitionInfoProvider.swift */,
				EA57212321F27E780074155C /* Main.storyboard */,
				EA57212621F27E790074155C /* Assets.xcassets */,
				EA57212821F27E790074155C /* LaunchScreen.storyboard */,
				EA57212B21F27E790074155C /* Info.plist */,
			);
			path = PillzCoffeeOrder;
			sourceTree = "<group>";
		};
/* End PBXGroup section */

/* Begin PBXNativeTarget section */
		EA57211B21F27E780074155C /* PillzCoffeeOrder */ = {
			isa = PBXNativeTarget;
			buildConfigurationList = EA57212E21F27E790074155C /* Build configuration list for PBXNativeTarget "PillzCoffeeOrder" */;
			buildPhases = (
				EA57211821F27E780074155C /* Sources */,
				EA57211921F27E780074155C /* Frameworks */,
				EA57211A21F27E780074155C /* Resources */,
			);
			buildRules = (
			);
			dependencies = (
			);
			name = PillzCoffeeOrder;
			productName = PillzCoffeeOrder;
			productReference = EA57211C21F27E780074155C /* PillzCoffeeOrder.app */;
			productType = "com.apple.product-type.application";
		};
/* End PBXNativeTarget section */

/* Begin PBXProject section */
		EA57211421F27E780074155C /* Project object */ = {
			isa = PBXProject;
			attributes = {
				LastSwiftUpdateCheck = 1010;
				LastUpgradeCheck = 1010;
				ORGANIZATIONNAME = "Daniel Yount";
				TargetAttributes = {
					EA57211B21F27E780074155C = {
						CreatedOnToolsVersion = 10.1;
					};
				};
			};
			buildConfigurationList = EA57211721F27E780074155C /* Build configuration list for PBXProject "PillzCoffeeOrder" */;
			compatibilityVersion = "Xcode 9.3";
			developmentRegion = en;
			hasScannedForEncodings = 0;
			knownRegions = (
				en,
				Base,
			);
			mainGroup = EA57211321F27E780074155C;
			productRefGroup = EA57211D21F27E780074155C /* Products */;
			projectDirPath = "";
			projectRoot = "";
			targets = (
				EA57211B21F27E780074155C /* PillzCoffeeOrder */,
			);
		};
/* End PBXProject section */

/* Begin PBXResourcesBuildPhase section */
		EA57211A21F27E780074155C /* Resources */ = {
			isa = PBXResourcesBuildPhase;
			buildActionMask = 2147483647;
			files = (
				EA57212A21F27E790074155C /* LaunchScreen.storyboard in Resources */,
				EA57212721F27E790074155C /* Assets.xcassets in Resources */,
				EA57212521F27E780074155C /* Main.storyboard in Resources */,
			);
			runOnlyForDeploymentPostprocessing = 0;
		};
/* End PBXResourcesBuildPhase section */

/* Begin PBXSourcesBuildPhase section */
		EA57211821F27E780074155C /* Sources */ = {
			isa = PBXSourcesBuildPhase;
			buildActionMask = 2147483647;
			files = (
				EA57213821F3EE630074155C /* HorizontalSceneTransitionInfoProvider.swift in Sources */,
				EA57212221F27E780074155C /* CoffeeOrderSelectorViewController.swift in Sources */,
				EA57212021F27E780074155C /* AppDelegate.swift in Sources */,
				EA57213221F280620074155C /* CoffeeOrder.swift in Sources */,
			);
			runOnlyForDeploymentPostprocessing = 0;
		};
/* End PBXSourcesBuildPhase section */

/* Begin PBXVariantGroup section */
		EA57212321F27E780074155C /* Main.storyboard */ = {
			isa = PBXVariantGroup;
			children = (
				EA57212421F27E780074155C /* Base */,
			);
			name = Main.storyboard;
			sourceTree = "<group>";
		};
		EA57212821F27E790074155C /* LaunchScreen.storyboard */ = {
			isa = PBXVariantGroup;
			children = (
				EA57212921F27E790074155C /* Base */,
			);
			name = LaunchScreen.storyboard;
			sourceTree = "<group>";
		};
/* End PBXVariantGroup section */

/* Begin XCBuildConfiguration section */
		EA57212C21F27E790074155C /* Debug */ = {
			isa = XCBuildConfiguration;
			buildSettings = {
				ALWAYS_SEARCH_USER_PATHS = NO;
				CLANG_ANALYZER_NONNULL = YES;
				CLANG_ANALYZER_NUMBER_OBJECT_CONVERSION = YES_AGGRESSIVE;
				CLANG_CXX_LANGUAGE_STANDARD = "gnu++14";
				CLANG_CXX_LIBRARY = "libc++";
				CLANG_ENABLE_MODULES = YES;
				CLANG_ENABLE_OBJC_ARC = YES;
				CLANG_ENABLE_OBJC_WEAK = YES;
				CLANG_WARN_BLOCK_CAPTURE_AUTORELEASING = YES;
				CLANG_WARN_BOOL_CONVERSION = YES;
				CLANG_WARN_COMMA = YES;
				CLANG_WARN_CONSTANT_CONVERSION = YES;
				CLANG_WARN_DEPRECATED_OBJC_IMPLEMENTATIONS = YES;
				CLANG_WARN_DIRECT_OBJC_ISA_USAGE = YES_ERROR;
				CLANG_WARN_DOCUMENTATION_COMMENTS = YES;
				CLANG_WARN_EMPTY_BODY = YES;
				CLANG_WARN_ENUM_CONVERSION = YES;
				CLANG_WARN_INFINITE_RECURSION = YES;
				CLANG_WARN_INT_CONVERSION = YES;
				CLANG_WARN_NON_LITERAL_NULL_CONVERSION = YES;
				CLANG_WARN_OBJC_IMPLICIT_RETAIN_SELF = YES;
				CLANG_WARN_OBJC_LITERAL_CONVERSION = YES;
				CLANG_WARN_OBJC_ROOT_CLASS = YES_ERROR;
				CLANG_WARN_RANGE_LOOP_ANALYSIS = YES;
				CLANG_WARN_STRICT_PROTOTYPES = YES;
				CLANG_WARN_SUSPICIOUS_MOVE = YES;
				CLANG_WARN_UNGUARDED_AVAILABILITY = YES_AGGRESSIVE;
				CLANG_WARN_UNREACHABLE_CODE = YES;
				CLANG_WARN__DUPLICATE_METHOD_MATCH = YES;
				CODE_SIGN_IDENTITY = "iPhone Developer";
				COPY_PHASE_STRIP = NO;
				DEBUG_INFORMATION_FORMAT = dwarf;
				ENABLE_STRICT_OBJC_MSGSEND = YES;
				ENABLE_TESTABILITY = YES;
				GCC_C_LANGUAGE_STANDARD = gnu11;
				GCC_DYNAMIC_NO_PIC = NO;
				GCC_NO_COMMON_BLOCKS = YES;
				GCC_OPTIMIZATION_LEVEL = 0;
				GCC_PREPROCESSOR_DEFINITIONS = (
					"DEBUG=1",
					"$(inherited)",
				);
				GCC_WARN_64_TO_32_BIT_CONVERSION = YES;
				GCC_WARN_ABOUT_RETURN_TYPE = YES_ERROR;
				GCC_WARN_UNDECLARED_SELECTOR = YES;
				GCC_WARN_UNINITIALIZED_AUTOS = YES_AGGRESSIVE;
				GCC_WARN_UNUSED_FUNCTION = YES;
				GCC_WARN_UNUSED_VARIABLE = YES;
				IPHONEOS_DEPLOYMENT_TARGET = 12.1;
				MTL_ENABLE_DEBUG_INFO = INCLUDE_SOURCE;
				MTL_FAST_MATH = YES;
				ONLY_ACTIVE_ARCH = YES;
				SDKROOT = iphoneos;
				SWIFT_ACTIVE_COMPILATION_CONDITIONS = DEBUG;
				SWIFT_OPTIMIZATION_LEVEL = "-Onone";
			};
			name = Debug;
		};
		EA57212D21F27E790074155C /* Release */ = {
			isa = XCBuildConfiguration;
			buildSettings = {
				ALWAYS_SEARCH_USER_PATHS = NO;
				CLANG_ANALYZER_NONNULL = YES;
				CLANG_ANALYZER_NUMBER_OBJECT_CONVERSION = YES_AGGRESSIVE;
				CLANG_CXX_LANGUAGE_STANDARD = "gnu++14";
				CLANG_CXX_LIBRARY = "libc++";
				CLANG_ENABLE_MODULES = YES;
				CLANG_ENABLE_OBJC_ARC = YES;
				CLANG_ENABLE_OBJC_WEAK = YES;
				CLANG_WARN_BLOCK_CAPTURE_AUTORELEASING = YES;
				CLANG_WARN_BOOL_CONVERSION = YES;
				CLANG_WARN_COMMA = YES;
				CLANG_WARN_CONSTANT_CONVERSION = YES;
				CLANG_WARN_DEPRECATED_OBJC_IMPLEMENTATIONS = YES;
				CLANG_WARN_DIRECT_OBJC_ISA_USAGE = YES_ERROR;
				CLANG_WARN_DOCUMENTATION_COMMENTS = YES;
				CLANG_WARN_EMPTY_BODY = YES;
				CLANG_WARN_ENUM_CONVERSION = YES;
				CLANG_WARN_INFINITE_RECURSION = YES;
				CLANG_WARN_INT_CONVERSION = YES;
				CLANG_WARN_NON_LITERAL_NULL_CONVERSION = YES;
				CLANG_WARN_OBJC_IMPLICIT_RETAIN_SELF = YES;
				CLANG_WARN_OBJC_LITERAL_CONVERSION = YES;
				CLANG_WARN_OBJC_ROOT_CLASS = YES_ERROR;
				CLANG_WARN_RANGE_LOOP_ANALYSIS = YES;
				CLANG_WARN_STRICT_PROTOTYPES = YES;
				CLANG_WARN_SUSPICIOUS_MOVE = YES;
				CLANG_WARN_UNGUARDED_AVAILABILITY = YES_AGGRESSIVE;
				CLANG_WARN_UNREACHABLE_CODE = YES;
				CLANG_WARN__DUPLICATE_METHOD_MATCH = YES;
				CODE_SIGN_IDENTITY = "iPhone Developer";
				COPY_PHASE_STRIP = NO;
				DEBUG_INFORMATION_FORMAT = "dwarf-with-dsym";
				ENABLE_NS_ASSERTIONS = NO;
				ENABLE_STRICT_OBJC_MSGSEND = YES;
				GCC_C_LANGUAGE_STANDARD = gnu11;
				GCC_NO_COMMON_BLOCKS = YES;
				GCC_WARN_64_TO_32_BIT_CONVERSION = YES;
				GCC_WARN_ABOUT_RETURN_TYPE = YES_ERROR;
				GCC_WARN_UNDECLARED_SELECTOR = YES;
				GCC_WARN_UNINITIALIZED_AUTOS = YES_AGGRESSIVE;
				GCC_WARN_UNUSED_FUNCTION = YES;
				GCC_WARN_UNUSED_VARIABLE = YES;
				IPHONEOS_DEPLOYMENT_TARGET = 12.1;
				MTL_ENABLE_DEBUG_INFO = NO;
				MTL_FAST_MATH = YES;
				SDKROOT = iphoneos;
				SWIFT_COMPILATION_MODE = wholemodule;
				SWIFT_OPTIMIZATION_LEVEL = "-O";
				VALIDATE_PRODUCT = YES;
			};
			name = Release;
		};
		EA57212F21F27E790074155C /* Debug */ = {
			isa = XCBuildConfiguration;
			buildSettings = {
				ASSETCATALOG_COMPILER_APPICON_NAME = AppIcon;
				CODE_SIGN_STYLE = Automatic;
				DEVELOPMENT_TEAM = 93KKH99Z5P;
				INFOPLIST_FILE = PillzCoffeeOrder/Info.plist;
				LD_RUNPATH_SEARCH_PATHS = (
					"$(inherited)",
					"@executable_path/Frameworks",
				);
				PRODUCT_BUNDLE_IDENTIFIER = com.danielyount.PillzCoffeeOrder;
				PRODUCT_NAME = "$(TARGET_NAME)";
				SWIFT_VERSION = 4.2;
				TARGETED_DEVICE_FAMILY = "1,2";
			};
			name = Debug;
		};
		EA57213021F27E790074155C /* Release */ = {
			isa = XCBuildConfiguration;
			buildSettings = {
				ASSETCATALOG_COMPILER_APPICON_NAME = AppIcon;
				CODE_SIGN_STYLE = Automatic;
				DEVELOPMENT_TEAM = 93KKH99Z5P;
				INFOPLIST_FILE = PillzCoffeeOrder/Info.plist;
				LD_RUNPATH_SEARCH_PATHS = (
					"$(inherited)",
					"@executable_path/Frameworks",
				);
				PRODUCT_BUNDLE_IDENTIFIER = com.danielyount.PillzCoffeeOrder;
				PRODUCT_NAME = "$(TARGET_NAME)";
				SWIFT_VERSION = 4.2;
				TARGETED_DEVICE_FAMILY = "1,2";
			};
			name = Release;
		};
/* End XCBuildConfiguration section */

/* Begin XCConfigurationList section */
		EA57211721F27E780074155C /* Build configuration list for PBXProject "PillzCoffeeOrder" */ = {
			isa = XCConfigurationList;
			buildConfigurations = (
				EA57212C21F27E790074155C /* Debug */,
				EA57212D21F27E790074155C /* Release */,
			);
			defaultConfigurationIsVisible = 0;
			defaultConfigurationName = Release;
		};
		EA57212E21F27E790074155C /* Build configuration list for PBXNativeTarget "PillzCoffeeOrder" */ = {
			isa = XCConfigurationList;
			buildConfigurations = (
				EA57212F21F27E790074155C /* Debug */,
				EA57213021F27E790074155C /* Release */,
			);
			defaultConfigurationIsVisible = 0;
			defaultConfigurationName = Release;
		};
/* End XCConfigurationList section */
	};
	rootObject = EA57211421F27E780074155C /* Project object */;
}
